
Microsoft Visual Studio Solution File, Format Version 12.00
# Visual Studio 2012
Project("{FAE04EC0-301F-11D3-BF4B-00C04F79EFBC}") = "iOSPasswordStorage", "iOSPasswordStorage.csproj", "{FC0EF786-1CAC-4921-8D58-E124A7AC1007}"
EndProject
Global
	GlobalSection(SolutionConfigurationPlatforms) = preSolution
		Debug|iPhoneSimulator = Debug|iPhoneSimulator
		Release|iPhoneSimulator = Release|iPhoneSimulator
		Debug|iPhone = Debug|iPhone
		Release|iPhone = Release|iPhone
		Ad-Hoc|iPhone = Ad-Hoc|iPhone
		AppStore|iPhone = AppStore|iPhone
	EndGlobalSection
	GlobalSection(ProjectConfigurationPlatforms) = postSolution
		{FC0EF786-1CAC-4921-8D58-E124A7AC1007}.Ad-Hoc|iPhone.ActiveCfg = Ad-Hoc|iPhone
		{FC0EF786-1CAC-4921-8D58-E124A7AC1007}.Ad-Hoc|iPhone.Build.0 = Ad-Hoc|iPhone
		{FC0EF786-1CAC-4921-8D58-E124A7AC1007}.AppStore|iPhone.ActiveCfg = AppStore|iPhone
		{FC0EF786-1CAC-4921-8D58-E124A7AC1007}.AppStore|iPhone.Build.0 = AppStore|iPhone
		{FC0EF786-1CAC-4921-8D58-E124A7AC1007}.Debug|iPhone.ActiveCfg = Debug|iPhone
		{FC0EF786-1CAC-4921-8D58-E124A7AC1007}.Debug|iPhone.Build.0 = Debug|iPhone
		{FC0EF786-1CAC-4921-8D58-E124A7AC1007}.Debug|iPhoneSimulator.ActiveCfg = Debug|iPhoneSimulator
		{FC0EF786-1CAC-4921-8D58-E124A7AC1007}.Debug|iPhoneSimulator.Build.0 = Debug|iPhoneSimulator
		{FC0EF786-1CAC-4921-8D58-E124A7AC1007}.Release|iPhone.ActiveCfg = Release|iPhone
		{FC0EF786-1CAC-4921-8D58-E124A7AC1007}.Release|iPhone.Build.0 = Release|iPhone
		{FC0EF786-1CAC-4921-8D58-E124A7AC1007}.Release|iPhoneSimulator.ActiveCfg = Release|iPhoneSimulator
		{FC0EF786-1CAC-4921-8D58-E124A7AC1007}.Release|iPhoneSimulator.Build.0 = Release|iPhoneSimulator
	EndGlobalSection
	GlobalSection(MonoDevelopProperties) = preSolution
		StartupItem = iOSPasswordStorage.csproj
	EndGlobalSection
EndGlobal
